
Microsoft Visual Studio Solution File, Format Version 12.00
# Visual Studio Version 17
VisualStudioVersion = 17.14.36915.13
MinimumVisualStudioVersion = 10.0.40219.1
Project("{FAE04EC0-301F-11D3-BF4B-00C04F79EFBC}") = "Employee.Api", "Employee.Api\Employee.Api.csproj", "{70A51473-1151-447B-9E91-F0EA5266D97D}"
EndProject
Global
	GlobalSection(SolutionConfigurationPlatforms) = preSolution
		Debug|Any CPU = Debug|Any CPU
		Release|Any CPU = Release|Any CPU
	EndGlobalSection
	GlobalSection(ProjectConfigurationPlatforms) = postSolution
		{70A51473-1151-447B-9E91-F0EA5266D97D}.Debug|Any CPU.ActiveCfg = Debug|Any CPU
		{70A51473-1151-447B-9E91-F0EA5266D97D}.Debug|Any CPU.Build.0 = Debug|Any CPU
		{70A51473-1151-447B-9E91-F0EA5266D97D}.Release|Any CPU.ActiveCfg = Release|Any CPU
		{70A51473-1151-447B-9E91-F0EA5266D97D}.Release|Any CPU.Build.0 = Release|Any CPU
	EndGlobalSection
	GlobalSection(SolutionProperties) = preSolution
		HideSolutionNode = FALSE
	EndGlobalSection
	GlobalSection(ExtensibilityGlobals) = postSolution
		SolutionGuid = {AD87CD5B-732B-4889-A396-AF6F4A5E3B63}
	EndGlobalSection
EndGlobal
